
Microsoft Visual Studio Solution File, Format Version 12.00
# Visual Studio Version 17
VisualStudioVersion = 17.11.35312.102
MinimumVisualStudioVersion = 10.0.40219.1
Project("{FAE04EC0-301F-11D3-BF4B-00C04F79EFBC}") = "Student information form", "Student information form\Student information form.csproj", "{7E21BB4B-E5C4-4EAD-8964-63575AB20566}"
EndProject
Global
	GlobalSection(SolutionConfigurationPlatforms) = preSolution
		Debug|Any CPU = Debug|Any CPU
		Release|Any CPU = Release|Any CPU
	EndGlobalSection
	GlobalSection(ProjectConfigurationPlatforms) = postSolution
		{7E21BB4B-E5C4-4EAD-8964-63575AB20566}.Debug|Any CPU.ActiveCfg = Debug|Any CPU
		{7E21BB4B-E5C4-4EAD-8964-63575AB20566}.Debug|Any CPU.Build.0 = Debug|Any CPU
		{7E21BB4B-E5C4-4EAD-8964-63575AB20566}.Release|Any CPU.ActiveCfg = Release|Any CPU
		{7E21BB4B-E5C4-4EAD-8964-63575AB20566}.Release|Any CPU.Build.0 = Release|Any CPU
	EndGlobalSection
	GlobalSection(SolutionProperties) = preSolution
		HideSolutionNode = FALSE
	EndGlobalSection
	GlobalSection(ExtensibilityGlobals) = postSolution
		SolutionGuid = {476A4742-C93C-464A-B75B-D1009A1E2ADE}
	EndGlobalSection
EndGlobal
